
Microsoft Visual Studio Solution File, Format Version 12.00
# Visual Studio Version 17
VisualStudioVersion = 17.14.36603.0
MinimumVisualStudioVersion = 10.0.40219.1
Project("{FAE04EC0-301F-11D3-BF4B-00C04F79EFBC}") = "Polyclinic.Domain", "Polyclinic\Polyclinic.Domain.csproj", "{C8BE6E6D-5543-4DEA-9C24-70810832C0B9}"
EndProject
Project("{FAE04EC0-301F-11D3-BF4B-00C04F79EFBC}") = "Polyclinic.Tests", "Polyclinic.Tests\Polyclinic.Tests.csproj", "{E0F0E739-1096-45F0-9C20-38CE211799C3}"
EndProject
Project("{FAE04EC0-301F-11D3-BF4B-00C04F79EFBC}") = "Polyclinic.Application", "Polyclinic.Application\Polyclinic.Application.csproj", "{E84D58C5-9CE9-464C-9FD0-6EE1BE99B29E}"
EndProject
Project("{FAE04EC0-301F-11D3-BF4B-00C04F79EFBC}") = "Polyclinic.Application.Contracts", "Polyclinic.Application.Contracts\Polyclinic.Application.Contracts.csproj", "{D4855E03-A1E1-4467-B840-397AA0C8F401}"
EndProject
Project("{FAE04EC0-301F-11D3-BF4B-00C04F79EFBC}") = "Polyclinic.Infrastructure.InMemory", "Polyclinic.Infrastructure.InMemory\Polyclinic.Infrastructure.InMemory.csproj", "{49B7E786-D829-48DC-BAC6-114C288032BE}"
EndProject
Project("{FAE04EC0-301F-11D3-BF4B-00C04F79EFBC}") = "Polyclinic.Api.Host", "Polyclinic.Api.Host\Polyclinic.Api.Host.csproj", "{F3FF88FD-5DBD-4C42-AFEE-68076FC24633}"
EndProject
Global
	GlobalSection(SolutionConfigurationPlatforms) = preSolution
		Debug|Any CPU = Debug|Any CPU
		Release|Any CPU = Release|Any CPU
	EndGlobalSection
	GlobalSection(ProjectConfigurationPlatforms) = postSolution
		{C8BE6E6D-5543-4DEA-9C24-70810832C0B9}.Debug|Any CPU.ActiveCfg = Debug|Any CPU
		{C8BE6E6D-5543-4DEA-9C24-70810832C0B9}.Debug|Any CPU.Build.0 = Debug|Any CPU
		{C8BE6E6D-5543-4DEA-9C24-70810832C0B9}.Release|Any CPU.ActiveCfg = Release|Any CPU
		{C8BE6E6D-5543-4DEA-9C24-70810832C0B9}.Release|Any CPU.Build.0 = Release|Any CPU
		{E0F0E739-1096-45F0-9C20-38CE211799C3}.Debug|Any CPU.ActiveCfg = Debug|Any CPU
		{E0F0E739-1096-45F0-9C20-38CE211799C3}.Debug|Any CPU.Build.0 = Debug|Any CPU
		{E0F0E739-1096-45F0-9C20-38CE211799C3}.Release|Any CPU.ActiveCfg = Release|Any CPU
		{E0F0E739-1096-45F0-9C20-38CE211799C3}.Release|Any CPU.Build.0 = Release|Any CPU
		{E84D58C5-9CE9-464C-9FD0-6EE1BE99B29E}.Debug|Any CPU.ActiveCfg = Debug|Any CPU
		{E84D58C5-9CE9-464C-9FD0-6EE1BE99B29E}.Debug|Any CPU.Build.0 = Debug|Any CPU
		{E84D58C5-9CE9-464C-9FD0-6EE1BE99B29E}.Release|Any CPU.ActiveCfg = Release|Any CPU
		{E84D58C5-9CE9-464C-9FD0-6EE1BE99B29E}.Release|Any CPU.Build.0 = Release|Any CPU
		{D4855E03-A1E1-4467-B840-397AA0C8F401}.Debug|Any CPU.ActiveCfg = Debug|Any CPU
		{D4855E03-A1E1-4467-B840-397AA0C8F401}.Debug|Any CPU.Build.0 = Debug|Any CPU
		{D4855E03-A1E1-4467-B840-397AA0C8F401}.Release|Any CPU.ActiveCfg = Release|Any CPU
		{D4855E03-A1E1-4467-B840-397AA0C8F401}.Release|Any CPU.Build.0 = Release|Any CPU
		{49B7E786-D829-48DC-BAC6-114C288032BE}.Debug|Any CPU.ActiveCfg = Debug|Any CPU
		{49B7E786-D829-48DC-BAC6-114C288032BE}.Debug|Any CPU.Build.0 = Debug|Any CPU
		{49B7E786-D829-48DC-BAC6-114C288032BE}.Release|Any CPU.ActiveCfg = Release|Any CPU
		{49B7E786-D829-48DC-BAC6-114C288032BE}.Release|Any CPU.Build.0 = Release|Any CPU
		{F3FF88FD-5DBD-4C42-AFEE-68076FC24633}.Debug|Any CPU.ActiveCfg = Debug|Any CPU
		{F3FF88FD-5DBD-4C42-AFEE-68076FC24633}.Debug|Any CPU.Build.0 = Debug|Any CPU
		{F3FF88FD-5DBD-4C42-AFEE-68076FC24633}.Release|Any CPU.ActiveCfg = Release|Any CPU
		{F3FF88FD-5DBD-4C42-AFEE-68076FC24633}.Release|Any CPU.Build.0 = Release|Any CPU
	EndGlobalSection
	GlobalSection(SolutionProperties) = preSolution
		HideSolutionNode = FALSE
	EndGlobalSection
	GlobalSection(ExtensibilityGlobals) = postSolution
		SolutionGuid = {50369EAE-EDC6-4991-9F71-BE0835DA2701}
	EndGlobalSection
EndGlobal
